<?xml version="1.0" encoding="utf-8"?>
<Project ToolsVersion="4.0" xmlns="http://schemas.microsoft.com/developer/msbuild/2003">
  <ItemGroup>
    <ClCompile Include="cli.cpp" />
  </ItemGroup>
  <ItemGroup>
    <None Include="..\README.md" />
    <None Include="..\README_CSO.md" />
    <None Include="..\README_ZSO.md" />
  </ItemGroup>
</Project>