<?xml version="1.0" encoding="utf-8"?>
<Project ToolsVersion="4.0" xmlns="http://schemas.microsoft.com/developer/msbuild/2003">
  <ItemGroup>
    <Filter Include="include">
      <UniqueIdentifier>{57CA55B8-BCC5-4000-CE3A-58972F82E9CB}</UniqueIdentifier>
    </Filter>
    <Filter Include="include">
      <UniqueIdentifier>{57CA55B8-BCC5-4000-CE3A-58972F82E9CB}</UniqueIdentifier>
    </Filter>
    <Filter Include="include">
      <UniqueIdentifier>{57CA55B8-BCC5-4000-CE3A-58972F82E9CB}</UniqueIdentifier>
    </Filter>
    <Filter Include="include">
      <UniqueIdentifier>{57CA55B8-BCC5-4000-CE3A-58972F82E9CB}</UniqueIdentifier>
    </Filter>
    <Filter Include="include">
      <UniqueIdentifier>{57CA55B8-BCC5-4000-CE3A-58972F82E9CB}</UniqueIdentifier>
    </Filter>
    <Filter Include="src">
      <UniqueIdentifier>{8CDEE807-BC53-E450-C8B8-4DEBB66742D4}</UniqueIdentifier>
    </Filter>
    <Filter Include="src">
      <UniqueIdentifier>{8CDEE807-BC53-E450-C8B8-4DEBB66742D4}</UniqueIdentifier>
    </Filter>
    <Filter Include="src">
      <UniqueIdentifier>{8CDEE807-BC53-E450-C8B8-4DEBB66742D4}</UniqueIdentifier>
    </Filter>
    <Filter Include="src">
      <UniqueIdentifier>{8CDEE807-BC53-E450-C8B8-4DEBB66742D4}</UniqueIdentifier>
    </Filter>
    <Filter Include="src">
      <UniqueIdentifier>{8CDEE807-BC53-E450-C8B8-4DEBB66742D4}</UniqueIdentifier>
    </Filter>
    <Filter Include="src">
      <UniqueIdentifier>{8CDEE807-BC53-E450-C8B8-4DEBB66742D4}</UniqueIdentifier>
    </Filter>
    <Filter Include="src">
      <UniqueIdentifier>{8CDEE807-BC53-E450-C8B8-4DEBB66742D4}</UniqueIdentifier>
    </Filter>
    <Filter Include="src">
      <UniqueIdentifier>{8CDEE807-BC53-E450-C8B8-4DEBB66742D4}</UniqueIdentifier>
    </Filter>
    <Filter Include="include">
      <UniqueIdentifier>{57CA55B8-BCC5-4000-CE3A-58972F82E9CB}</UniqueIdentifier>
    </Filter>
    <Filter Include="src">
      <UniqueIdentifier>{8CDEE807-BC53-E450-C8B8-4DEBB66742D4}</UniqueIdentifier>
    </Filter>
    <Filter Include="src\win">
      <UniqueIdentifier>{47FC5EC4-15EB-E92F-89D7-AFE51CF838A9}</UniqueIdentifier>
    </Filter>
    <Filter Include="src">
      <UniqueIdentifier>{8CDEE807-BC53-E450-C8B8-4DEBB66742D4}</UniqueIdentifier>
    </Filter>
    <Filter Include="src\win">
      <UniqueIdentifier>{47FC5EC4-15EB-E92F-89D7-AFE51CF838A9}</UniqueIdentifier>
    </Filter>
    <Filter Include="src">
      <UniqueIdentifier>{8CDEE807-BC53-E450-C8B8-4DEBB66742D4}</UniqueIdentifier>
    </Filter>
    <Filter Include="src\win">
      <UniqueIdentifier>{47FC5EC4-15EB-E92F-89D7-AFE51CF838A9}</UniqueIdentifier>
    </Filter>
    <Filter Include="src">
      <UniqueIdentifier>{8CDEE807-BC53-E450-C8B8-4DEBB66742D4}</UniqueIdentifier>
    </Filter>
    <Filter Include="src\win">
      <UniqueIdentifier>{47FC5EC4-15EB-E92F-89D7-AFE51CF838A9}</UniqueIdentifier>
    </Filter>
    <Filter Include="src">
      <UniqueIdentifier>{8CDEE807-BC53-E450-C8B8-4DEBB66742D4}</UniqueIdentifier>
    </Filter>
    <Filter Include="src\win">
      <UniqueIdentifier>{47FC5EC4-15EB-E92F-89D7-AFE51CF838A9}</UniqueIdentifier>
    </Filter>
    <Filter Include="src">
      <UniqueIdentifier>{8CDEE807-BC53-E450-C8B8-4DEBB66742D4}</UniqueIdentifier>
    </Filter>
    <Filter Include="src\win">
      <UniqueIdentifier>{47FC5EC4-15EB-E92F-89D7-AFE51CF838A9}</UniqueIdentifier>
    </Filter>
    <Filter Include="src">
      <UniqueIdentifier>{8CDEE807-BC53-E450-C8B8-4DEBB66742D4}</UniqueIdentifier>
    </Filter>
    <Filter Include="src\win">
      <UniqueIdentifier>{47FC5EC4-15EB-E92F-89D7-AFE51CF838A9}</UniqueIdentifier>
    </Filter>
    <Filter Include="src">
      <UniqueIdentifier>{8CDEE807-BC53-E450-C8B8-4DEBB66742D4}</UniqueIdentifier>
    </Filter>
    <Filter Include="src\win">
      <UniqueIdentifier>{47FC5EC4-15EB-E92F-89D7-AFE51CF838A9}</UniqueIdentifier>
    </Filter>
    <Filter Include="src">
      <UniqueIdentifier>{8CDEE807-BC53-E450-C8B8-4DEBB66742D4}</UniqueIdentifier>
    </Filter>
    <Filter Include="src\win">
      <UniqueIdentifier>{47FC5EC4-15EB-E92F-89D7-AFE51CF838A9}</UniqueIdentifier>
    </Filter>
    <Filter Include="src">
      <UniqueIdentifier>{8CDEE807-BC53-E450-C8B8-4DEBB66742D4}</UniqueIdentifier>
    </Filter>
    <Filter Include="src\win">
      <UniqueIdentifier>{47FC5EC4-15EB-E92F-89D7-AFE51CF838A9}</UniqueIdentifier>
    </Filter>
    <Filter Include="src">
      <UniqueIdentifier>{8CDEE807-BC53-E450-C8B8-4DEBB66742D4}</UniqueIdentifier>
    </Filter>
    <Filter Include="src\win">
      <UniqueIdentifier>{47FC5EC4-15EB-E92F-89D7-AFE51CF838A9}</UniqueIdentifier>
    </Filter>
    <Filter Include="src">
      <UniqueIdentifier>{8CDEE807-BC53-E450-C8B8-4DEBB66742D4}</UniqueIdentifier>
    </Filter>
    <Filter Include="src\win">
      <UniqueIdentifier>{47FC5EC4-15EB-E92F-89D7-AFE51CF838A9}</UniqueIdentifier>
    </Filter>
    <Filter Include="src">
      <UniqueIdentifier>{8CDEE807-BC53-E450-C8B8-4DEBB66742D4}</UniqueIdentifier>
    </Filter>
    <Filter Include="src\win">
      <UniqueIdentifier>{47FC5EC4-15EB-E92F-89D7-AFE51CF838A9}</UniqueIdentifier>
    </Filter>
    <Filter Include="src">
      <UniqueIdentifier>{8CDEE807-BC53-E450-C8B8-4DEBB66742D4}</UniqueIdentifier>
    </Filter>
    <Filter Include="src\win">
      <UniqueIdentifier>{47FC5EC4-15EB-E92F-89D7-AFE51CF838A9}</UniqueIdentifier>
    </Filter>
    <Filter Include="src">
      <UniqueIdentifier>{8CDEE807-BC53-E450-C8B8-4DEBB66742D4}</UniqueIdentifier>
    </Filter>
    <Filter Include="src\win">
      <UniqueIdentifier>{47FC5EC4-15EB-E92F-89D7-AFE51CF838A9}</UniqueIdentifier>
    </Filter>
    <Filter Include="src">
      <UniqueIdentifier>{8CDEE807-BC53-E450-C8B8-4DEBB66742D4}</UniqueIdentifier>
    </Filter>
    <Filter Include="src\win">
      <UniqueIdentifier>{47FC5EC4-15EB-E92F-89D7-AFE51CF838A9}</UniqueIdentifier>
    </Filter>
    <Filter Include="src">
      <UniqueIdentifier>{8CDEE807-BC53-E450-C8B8-4DEBB66742D4}</UniqueIdentifier>
    </Filter>
    <Filter Include="src\win">
      <UniqueIdentifier>{47FC5EC4-15EB-E92F-89D7-AFE51CF838A9}</UniqueIdentifier>
    </Filter>
    <Filter Include="src">
      <UniqueIdentifier>{8CDEE807-BC53-E450-C8B8-4DEBB66742D4}</UniqueIdentifier>
    </Filter>
    <Filter Include="src\win">
      <UniqueIdentifier>{47FC5EC4-15EB-E92F-89D7-AFE51CF838A9}</UniqueIdentifier>
    </Filter>
    <Filter Include="src">
      <UniqueIdentifier>{8CDEE807-BC53-E450-C8B8-4DEBB66742D4}</UniqueIdentifier>
    </Filter>
    <Filter Include="src\win">
      <UniqueIdentifier>{47FC5EC4-15EB-E92F-89D7-AFE51CF838A9}</UniqueIdentifier>
    </Filter>
    <Filter Include="src">
      <UniqueIdentifier>{8CDEE807-BC53-E450-C8B8-4DEBB66742D4}</UniqueIdentifier>
    </Filter>
    <Filter Include="src\win">
      <UniqueIdentifier>{47FC5EC4-15EB-E92F-89D7-AFE51CF838A9}</UniqueIdentifier>
    </Filter>
    <Filter Include="src">
      <UniqueIdentifier>{8CDEE807-BC53-E450-C8B8-4DEBB66742D4}</UniqueIdentifier>
    </Filter>
    <Filter Include="src\win">
      <UniqueIdentifier>{47FC5EC4-15EB-E92F-89D7-AFE51CF838A9}</UniqueIdentifier>
    </Filter>
    <Filter Include="src">
      <UniqueIdentifier>{8CDEE807-BC53-E450-C8B8-4DEBB66742D4}</UniqueIdentifier>
    </Filter>
    <Filter Include="src\win">
      <UniqueIdentifier>{47FC5EC4-15EB-E92F-89D7-AFE51CF838A9}</UniqueIdentifier>
    </Filter>
    <Filter Include="src">
      <UniqueIdentifier>{8CDEE807-BC53-E450-C8B8-4DEBB66742D4}</UniqueIdentifier>
    </Filter>
    <Filter Include="src\win">
      <UniqueIdentifier>{47FC5EC4-15EB-E92F-89D7-AFE51CF838A9}</UniqueIdentifier>
    </Filter>
    <Filter Include="src">
      <UniqueIdentifier>{8CDEE807-BC53-E450-C8B8-4DEBB66742D4}</UniqueIdentifier>
    </Filter>
    <Filter Include="src\win">
      <UniqueIdentifier>{47FC5EC4-15EB-E92F-89D7-AFE51CF838A9}</UniqueIdentifier>
    </Filter>
    <Filter Include="src">
      <UniqueIdentifier>{8CDEE807-BC53-E450-C8B8-4DEBB66742D4}</UniqueIdentifier>
    </Filter>
    <Filter Include="src\win">
      <UniqueIdentifier>{47FC5EC4-15EB-E92F-89D7-AFE51CF838A9}</UniqueIdentifier>
    </Filter>
    <Filter Include="src">
      <UniqueIdentifier>{8CDEE807-BC53-E450-C8B8-4DEBB66742D4}</UniqueIdentifier>
    </Filter>
    <Filter Include="src\win">
      <UniqueIdentifier>{47FC5EC4-15EB-E92F-89D7-AFE51CF838A9}</UniqueIdentifier>
    </Filter>
    <Filter Include="src">
      <UniqueIdentifier>{8CDEE807-BC53-E450-C8B8-4DEBB66742D4}</UniqueIdentifier>
    </Filter>
    <Filter Include="src\win">
      <UniqueIdentifier>{47FC5EC4-15EB-E92F-89D7-AFE51CF838A9}</UniqueIdentifier>
    </Filter>
    <Filter Include="src">
      <UniqueIdentifier>{8CDEE807-BC53-E450-C8B8-4DEBB66742D4}</UniqueIdentifier>
    </Filter>
    <Filter Include="src\win">
      <UniqueIdentifier>{47FC5EC4-15EB-E92F-89D7-AFE51CF838A9}</UniqueIdentifier>
    </Filter>
    <Filter Include="src">
      <UniqueIdentifier>{8CDEE807-BC53-E450-C8B8-4DEBB66742D4}</UniqueIdentifier>
    </Filter>
    <Filter Include="src\win">
      <UniqueIdentifier>{47FC5EC4-15EB-E92F-89D7-AFE51CF838A9}</UniqueIdentifier>
    </Filter>
    <Filter Include="src">
      <UniqueIdentifier>{8CDEE807-BC53-E450-C8B8-4DEBB66742D4}</UniqueIdentifier>
    </Filter>
    <Filter Include="src\win">
      <UniqueIdentifier>{47FC5EC4-15EB-E92F-89D7-AFE51CF838A9}</UniqueIdentifier>
    </Filter>
    <Filter Include="src">
      <UniqueIdentifier>{8CDEE807-BC53-E450-C8B8-4DEBB66742D4}</UniqueIdentifier>
    </Filter>
    <Filter Include="src\win">
      <UniqueIdentifier>{47FC5EC4-15EB-E92F-89D7-AFE51CF838A9}</UniqueIdentifier>
    </Filter>
    <Filter Include="src">
      <UniqueIdentifier>{8CDEE807-BC53-E450-C8B8-4DEBB66742D4}</UniqueIdentifier>
    </Filter>
    <Filter Include="src\win">
      <UniqueIdentifier>{47FC5EC4-15EB-E92F-89D7-AFE51CF838A9}</UniqueIdentifier>
    </Filter>
  </ItemGroup>
  <ItemGroup>
    <None Include="common.gypi"/>
    <ClInclude Include="include\uv.h">
      <Filter>include</Filter>
    </ClInclude>
    <ClInclude Include="include\tree.h">
      <Filter>include</Filter>
    </ClInclude>
    <ClInclude Include="include\uv-errno.h">
      <Filter>include</Filter>
    </ClInclude>
    <ClInclude Include="include\uv-threadpool.h">
      <Filter>include</Filter>
    </ClInclude>
    <ClInclude Include="include\uv-version.h">
      <Filter>include</Filter>
    </ClInclude>
    <ClCompile Include="src\fs-poll.c">
      <Filter>src</Filter>
    </ClCompile>
    <ClInclude Include="src\heap-inl.h">
      <Filter>src</Filter>
    </ClInclude>
    <ClCompile Include="src\inet.c">
      <Filter>src</Filter>
    </ClCompile>
    <ClInclude Include="src\queue.h">
      <Filter>src</Filter>
    </ClInclude>
    <ClCompile Include="src\threadpool.c">
      <Filter>src</Filter>
    </ClCompile>
    <ClCompile Include="src\uv-common.c">
      <Filter>src</Filter>
    </ClCompile>
    <ClInclude Include="src\uv-common.h">
      <Filter>src</Filter>
    </ClInclude>
    <ClCompile Include="src\version.c">
      <Filter>src</Filter>
    </ClCompile>
    <ClInclude Include="include\uv-win.h">
      <Filter>include</Filter>
    </ClInclude>
    <ClCompile Include="src\win\async.c">
      <Filter>src\win</Filter>
    </ClCompile>
    <ClInclude Include="src\win\atomicops-inl.h">
      <Filter>src\win</Filter>
    </ClInclude>
    <ClCompile Include="src\win\core.c">
      <Filter>src\win</Filter>
    </ClCompile>
    <ClCompile Include="src\win\dl.c">
      <Filter>src\win</Filter>
    </ClCompile>
    <ClCompile Include="src\win\error.c">
      <Filter>src\win</Filter>
    </ClCompile>
    <ClCompile Include="src\win\fs.c">
      <Filter>src\win</Filter>
    </ClCompile>
    <ClCompile Include="src\win\fs-event.c">
      <Filter>src\win</Filter>
    </ClCompile>
    <ClCompile Include="src\win\getaddrinfo.c">
      <Filter>src\win</Filter>
    </ClCompile>
    <ClCompile Include="src\win\getnameinfo.c">
      <Filter>src\win</Filter>
    </ClCompile>
    <ClCompile Include="src\win\handle.c">
      <Filter>src\win</Filter>
    </ClCompile>
    <ClInclude Include="src\win\handle-inl.h">
      <Filter>src\win</Filter>
    </ClInclude>
    <ClInclude Include="src\win\internal.h">
      <Filter>src\win</Filter>
    </ClInclude>
    <ClCompile Include="src\win\loop-watcher.c">
      <Filter>src\win</Filter>
    </ClCompile>
    <ClCompile Include="src\win\pipe.c">
      <Filter>src\win</Filter>
    </ClCompile>
    <ClCompile Include="src\win\thread.c">
      <Filter>src\win</Filter>
    </ClCompile>
    <ClCompile Include="src\win\poll.c">
      <Filter>src\win</Filter>
    </ClCompile>
    <ClCompile Include="src\win\process.c">
      <Filter>src\win</Filter>
    </ClCompile>
    <ClCompile Include="src\win\process-stdio.c">
      <Filter>src\win</Filter>
    </ClCompile>
    <ClCompile Include="src\win\req.c">
      <Filter>src\win</Filter>
    </ClCompile>
    <ClInclude Include="src\win\req-inl.h">
      <Filter>src\win</Filter>
    </ClInclude>
    <ClCompile Include="src\win\signal.c">
      <Filter>src\win</Filter>
    </ClCompile>
    <ClCompile Include="src\win\stream.c">
      <Filter>src\win</Filter>
    </ClCompile>
    <ClInclude Include="src\win\stream-inl.h">
      <Filter>src\win</Filter>
    </ClInclude>
    <ClCompile Include="src\win\tcp.c">
      <Filter>src\win</Filter>
    </ClCompile>
    <ClCompile Include="src\win\tty.c">
      <Filter>src\win</Filter>
    </ClCompile>
    <ClCompile Include="src\win\timer.c">
      <Filter>src\win</Filter>
    </ClCompile>
    <ClCompile Include="src\win\udp.c">
      <Filter>src\win</Filter>
    </ClCompile>
    <ClCompile Include="src\win\util.c">
      <Filter>src\win</Filter>
    </ClCompile>
    <ClCompile Include="src\win\winapi.c">
      <Filter>src\win</Filter>
    </ClCompile>
    <ClInclude Include="src\win\winapi.h">
      <Filter>src\win</Filter>
    </ClInclude>
    <ClCompile Include="src\win\winsock.c">
      <Filter>src\win</Filter>
    </ClCompile>
    <ClInclude Include="src\win\winsock.h">
      <Filter>src\win</Filter>
    </ClInclude>
    <None Include="uv.gyp"/>
  </ItemGroup>
</Project>
